
Microsoft Visual Studio Solution File, Format Version 12.00
# Visual Studio 15
VisualStudioVersion = 15.0.28010.2050
MinimumVisualStudioVersion = 10.0.40219.1
Project("{FAE04EC0-301F-11D3-BF4B-00C04F79EFBC}") = "ChartGettingStartedSample", "ChartGettingStartedSample\ChartGettingStartedSample.csproj", "{451278F1-C764-452F-B270-C0BAEDE49490}"
EndProject
Global
	GlobalSection(SolutionConfigurationPlatforms) = preSolution
		Debug|Any CPU = Debug|Any CPU
		Release|Any CPU = Release|Any CPU
	EndGlobalSection
	GlobalSection(ProjectConfigurationPlatforms) = postSolution
		{451278F1-C764-452F-B270-C0BAEDE49490}.Debug|Any CPU.ActiveCfg = Debug|Any CPU
		{451278F1-C764-452F-B270-C0BAEDE49490}.Debug|Any CPU.Build.0 = Debug|Any CPU
		{451278F1-C764-452F-B270-C0BAEDE49490}.Release|Any CPU.ActiveCfg = Release|Any CPU
		{451278F1-C764-452F-B270-C0BAEDE49490}.Release|Any CPU.Build.0 = Release|Any CPU
	EndGlobalSection
	GlobalSection(SolutionProperties) = preSolution
		HideSolutionNode = FALSE
	EndGlobalSection
	GlobalSection(ExtensibilityGlobals) = postSolution
		SolutionGuid = {025A0D22-680C-4DEE-93FE-B2A64F437D0B}
	EndGlobalSection
EndGlobal
